
Microsoft Visual Studio Solution File, Format Version 12.00
# Blend for Visual Studio Version 16
VisualStudioVersion = 16.0.30621.155
MinimumVisualStudioVersion = 10.0.40219.1
Project("{FAE04EC0-301F-11D3-BF4B-00C04F79EFBC}") = "MonitorServer", "MonitorServer\MonitorServer.csproj", "{CCD08B6F-52DC-4B89-9032-7F92AA619FCE}"
EndProject
Global
	GlobalSection(SolutionConfigurationPlatforms) = preSolution
		Debug|Any CPU = Debug|Any CPU
		Release|Any CPU = Release|Any CPU
	EndGlobalSection
	GlobalSection(ProjectConfigurationPlatforms) = postSolution
		{CCD08B6F-52DC-4B89-9032-7F92AA619FCE}.Debug|Any CPU.ActiveCfg = Debug|Any CPU
		{CCD08B6F-52DC-4B89-9032-7F92AA619FCE}.Debug|Any CPU.Build.0 = Debug|Any CPU
		{CCD08B6F-52DC-4B89-9032-7F92AA619FCE}.Release|Any CPU.ActiveCfg = Release|Any CPU
		{CCD08B6F-52DC-4B89-9032-7F92AA619FCE}.Release|Any CPU.Build.0 = Release|Any CPU
	EndGlobalSection
	GlobalSection(SolutionProperties) = preSolution
		HideSolutionNode = FALSE
	EndGlobalSection
	GlobalSection(ExtensibilityGlobals) = postSolution
		SolutionGuid = {40CC5AB4-0224-432B-97AD-F8B8613B3072}
	EndGlobalSection
EndGlobal
