
Microsoft Visual Studio Solution File, Format Version 12.00
# Blend for Visual Studio Version 16
VisualStudioVersion = 16.0.30621.155
MinimumVisualStudioVersion = 10.0.40219.1
Project("{FAE04EC0-301F-11D3-BF4B-00C04F79EFBC}") = "MonitorServer", "MonitorServer\MonitorServer.csproj", "{20FBF106-E54F-469E-9106-3C14194E7254}"
EndProject
Global
	GlobalSection(SolutionConfigurationPlatforms) = preSolution
		Debug|Any CPU = Debug|Any CPU
		Release|Any CPU = Release|Any CPU
	EndGlobalSection
	GlobalSection(ProjectConfigurationPlatforms) = postSolution
		{20FBF106-E54F-469E-9106-3C14194E7254}.Debug|Any CPU.ActiveCfg = Debug|Any CPU
		{20FBF106-E54F-469E-9106-3C14194E7254}.Debug|Any CPU.Build.0 = Debug|Any CPU
		{20FBF106-E54F-469E-9106-3C14194E7254}.Release|Any CPU.ActiveCfg = Release|Any CPU
		{20FBF106-E54F-469E-9106-3C14194E7254}.Release|Any CPU.Build.0 = Release|Any CPU
	EndGlobalSection
	GlobalSection(SolutionProperties) = preSolution
		HideSolutionNode = FALSE
	EndGlobalSection
	GlobalSection(ExtensibilityGlobals) = postSolution
		SolutionGuid = {74A74C55-1181-4AD6-A544-F97947F69790}
	EndGlobalSection
EndGlobal
