
Microsoft Visual Studio Solution File, Format Version 12.00
# Blend for Visual Studio Version 16
VisualStudioVersion = 16.0.30621.155
MinimumVisualStudioVersion = 10.0.40219.1
Project("{FAE04EC0-301F-11D3-BF4B-00C04F79EFBC}") = "MonitorServer", "MonitorServer\MonitorServer.csproj", "{C55DE4AB-E749-439C-A54C-61D992AAA61C}"
EndProject
Global
	GlobalSection(SolutionConfigurationPlatforms) = preSolution
		Debug|Any CPU = Debug|Any CPU
		Release|Any CPU = Release|Any CPU
	EndGlobalSection
	GlobalSection(ProjectConfigurationPlatforms) = postSolution
		{C55DE4AB-E749-439C-A54C-61D992AAA61C}.Debug|Any CPU.ActiveCfg = Debug|Any CPU
		{C55DE4AB-E749-439C-A54C-61D992AAA61C}.Debug|Any CPU.Build.0 = Debug|Any CPU
		{C55DE4AB-E749-439C-A54C-61D992AAA61C}.Release|Any CPU.ActiveCfg = Release|Any CPU
		{C55DE4AB-E749-439C-A54C-61D992AAA61C}.Release|Any CPU.Build.0 = Release|Any CPU
	EndGlobalSection
	GlobalSection(SolutionProperties) = preSolution
		HideSolutionNode = FALSE
	EndGlobalSection
	GlobalSection(ExtensibilityGlobals) = postSolution
		SolutionGuid = {8A50EEAA-7966-4B12-ADF2-78628007D990}
	EndGlobalSection
EndGlobal
